# This file is automatically @generated by Cargo.
# It is not intended for manual editing.
version = 4

[[package]]
name = "fireshark-cli"
version = "0.1.0"

[[package]]
name = "fireshark-core"
version = "0.1.0"

[[package]]
name = "fireshark-dissectors"
version = "0.1.0"

[[package]]
name = "fireshark-file"
version = "0.1.0"
